
Microsoft Visual Studio Solution File, Format Version 12.00
# Visual Studio Version 16
VisualStudioVersion = 16.0.32602.291
MinimumVisualStudioVersion = 10.0.40219.1
Project("{FAE04EC0-301F-11D3-BF4B-00C04F79EFBC}") = "Kryzhevska_lab", "Kryzhevska_lab.csproj", "{1FC62633-823E-4034-B7B9-40A2185F5D9D}"
EndProject
Project("{2150E333-8FDC-42A3-9474-1A3956D46DE8}") = "Solution Items", "Solution Items", "{45C32799-81E3-4DC9-ABB5-5827E3651254}"
	ProjectSection(SolutionItems) = preProject
		..\..\..\..\..\..\..\Downloads\Telegram Desktop\Queues (2).dll = ..\..\..\..\..\..\..\Downloads\Telegram Desktop\Queues (2).dll
		..\..\..\..\..\..\..\Downloads\Telegram Desktop\Structures (2).dll = ..\..\..\..\..\..\..\Downloads\Telegram Desktop\Structures (2).dll
	EndProjectSection
EndProject
Global
	GlobalSection(SolutionConfigurationPlatforms) = preSolution
		Debug|Any CPU = Debug|Any CPU
		Release|Any CPU = Release|Any CPU
	EndGlobalSection
	GlobalSection(ProjectConfigurationPlatforms) = postSolution
		{1FC62633-823E-4034-B7B9-40A2185F5D9D}.Debug|Any CPU.ActiveCfg = Debug|Any CPU
		{1FC62633-823E-4034-B7B9-40A2185F5D9D}.Debug|Any CPU.Build.0 = Debug|Any CPU
		{1FC62633-823E-4034-B7B9-40A2185F5D9D}.Release|Any CPU.ActiveCfg = Release|Any CPU
		{1FC62633-823E-4034-B7B9-40A2185F5D9D}.Release|Any CPU.Build.0 = Release|Any CPU
	EndGlobalSection
	GlobalSection(SolutionProperties) = preSolution
		HideSolutionNode = FALSE
	EndGlobalSection
	GlobalSection(ExtensibilityGlobals) = postSolution
		SolutionGuid = {FDB7DBF2-8198-49C2-9C90-7445A96A7161}
	EndGlobalSection
EndGlobal
